// !$*UTF8*$!
{
	archiveVersion = 1;
	classes = {
	};
	objectVersion = 46;
	objects = {

/* Begin PBXBuildFile section */
		CEE4224C14536669005E216E /* main.c in Sources */ = {isa = PBXBuildFile; fileRef = CEE4224B14536669005E216E /* main.c */; };
		CEE4224E14536669005E216E /* TinyForward.1 in CopyFiles */ = {isa = PBXBuildFile; fileRef = CEE4224D14536669005E216E /* TinyForward.1 */; };
/* End PBXBuildFile section */

/* Begin PBXCopyFilesBuildPhase section */
		CEE4224514536669005E216E /* CopyFiles */ = {
			isa = PBXCopyFilesBuildPhase;
			buildActionMask = 2147483647;
			dstPath = /usr/share/man/man1/;
			dstSubfolderSpec = 0;
			files = (
				CEE4224E14536669005E216E /* TinyForward.1 in CopyFiles */,
			);
			runOnlyForDeploymentPostprocessing = 1;
		};
/* End PBXCopyFilesBuildPhase section */

/* Begin PBXFileReference section */
		CEE4224714536669005E216E /* TinyForward */ = {isa = PBXFileReference; explicitFileType = "compiled.mach-o.executable"; includeInIndex = 0; path = TinyForward; sourceTree = BUILT_PRODUCTS_DIR; };
		CEE4224B14536669005E216E /* main.c */ = {isa = PBXFileReference; lastKnownFileType = sourcecode.c.c; path = main.c; sourceTree = "<group>"; };
		CEE4224D14536669005E216E /* TinyForward.1 */ = {isa = PBXFileReference; lastKnownFileType = text.man; path = TinyForward.1; sourceTree = "<group>"; };
/* End PBXFileReference section */

/* Begin PBXFrameworksBuildPhase section */
		CEE4224414536669005E216E /* Frameworks */ = {
			isa = PBXFrameworksBuildPhase;
			buildActionMask = 2147483647;
			files = (
			);
			runOnlyForDeploymentPostprocessing = 0;
		};
/* End PBXFrameworksBuildPhase section */

/* Begin PBXGroup section */
		CEE4223C14536669005E216E = {
			isa = PBXGroup;
			children = (
				CEE4224A14536669005E216E /* TinyForward */,
				CEE4224814536669005E216E /* Products */,
			);
			sourceTree = "<group>";
		};
		CEE4224814536669005E216E /* Products */ = {
			isa = PBXGroup;
			children = (
				CEE4224714536669005E216E /* TinyForward */,
			);
			name = Products;
			sourceTree = "<group>";
		};
		CEE4224A14536669005E216E /* TinyForward */ = {
			isa = PBXGroup;
			children = (
				CEE4224B14536669005E216E /* main.c */,
				CEE4224D14536669005E216E /* TinyForward.1 */,
			);
			path = TinyForward;
			sourceTree = "<group>";
		};
/* End PBXGroup section */

/* Begin PBXNativeTarget section */
		CEE4224614536669005E216E /* TinyForward */ = {
			isa = PBXNativeTarget;
			buildConfigurationList = CEE4225114536669005E216E /* Build configuration list for PBXNativeTarget "TinyForward" */;
			buildPhases = (
				CEE4224314536669005E216E /* Sources */,
				CEE4224414536669005E216E /* Frameworks */,
				CEE4224514536669005E216E /* CopyFiles */,
			);
			buildRules = (
			);
			dependencies = (
			);
			name = TinyForward;
			productName = TinyForward;
			productReference = CEE4224714536669005E216E /* TinyForward */;
			productType = "com.apple.product-type.tool";
		};
/* End PBXNativeTarget section */

/* Begin PBXProject section */
		CEE4223E14536669005E216E /* Project object */ = {
			isa = PBXProject;
			buildConfigurationList = CEE4224114536669005E216E /* Build configuration list for PBXProject "TinyForward" */;
			compatibilityVersion = "Xcode 3.2";
			developmentRegion = English;
			hasScannedForEncodings = 0;
			knownRegions = (
				en,
			);
			mainGroup = CEE4223C14536669005E216E;
			productRefGroup = CEE4224814536669005E216E /* Products */;
			projectDirPath = "";
			projectRoot = "";
			targets = (
				CEE4224614536669005E216E /* TinyForward */,
			);
		};
/* End PBXProject section */

/* Begin PBXSourcesBuildPhase section */
		CEE4224314536669005E216E /* Sources */ = {
			isa = PBXSourcesBuildPhase;
			buildActionMask = 2147483647;
			files = (
				CEE4224C14536669005E216E /* main.c in Sources */,
			);
			runOnlyForDeploymentPostprocessing = 0;
		};
/* End PBXSourcesBuildPhase section */

/* Begin XCBuildConfiguration section */
		CEE4224F14536669005E216E /* Debug */ = {
			isa = XCBuildConfiguration;
			buildSettings = {
				ALWAYS_SEARCH_USER_PATHS = NO;
				ARCHS = "$(ARCHS_STANDARD_32_64_BIT)";
				CLANG_ENABLE_OBJC_ARC = YES;
				COPY_PHASE_STRIP = NO;
				GCC_C_LANGUAGE_STANDARD = gnu99;
				GCC_DYNAMIC_NO_PIC = NO;
				GCC_ENABLE_OBJC_EXCEPTIONS = YES;
				GCC_OPTIMIZATION_LEVEL = 0;
				GCC_PREPROCESSOR_DEFINITIONS = (
					"DEBUG=1",
					"$(inherited)",
				);
				GCC_SYMBOLS_PRIVATE_EXTERN = NO;
				GCC_VERSION = com.apple.compilers.llvm.clang.1_0;
				GCC_WARN_64_TO_32_BIT_CONVERSION = YES;
				GCC_WARN_ABOUT_MISSING_PROTOTYPES = YES;
				GCC_WARN_ABOUT_RETURN_TYPE = YES;
				GCC_WARN_UNUSED_VARIABLE = YES;
				MACOSX_DEPLOYMENT_TARGET = 10.7;
				ONLY_ACTIVE_ARCH = YES;
				SDKROOT = macosx;
			};
			name = Debug;
		};
		CEE4225014536669005E216E /* Release */ = {
			isa = XCBuildConfiguration;
			buildSettings = {
				ALWAYS_SEARCH_USER_PATHS = NO;
				ARCHS = "$(ARCHS_STANDARD_32_64_BIT)";
				CLANG_ENABLE_OBJC_ARC = YES;
				COPY_PHASE_STRIP = YES;
				DEBUG_INFORMATION_FORMAT = "dwarf-with-dsym";
				GCC_C_LANGUAGE_STANDARD = gnu99;
				GCC_ENABLE_OBJC_EXCEPTIONS = YES;
				GCC_VERSION = com.apple.compilers.llvm.clang.1_0;
				GCC_WARN_64_TO_32_BIT_CONVERSION = YES;
				GCC_WARN_ABOUT_MISSING_PROTOTYPES = YES;
				GCC_WARN_ABOUT_RETURN_TYPE = YES;
				GCC_WARN_UNUSED_VARIABLE = YES;
				MACOSX_DEPLOYMENT_TARGET = 10.7;
				SDKROOT = macosx;
			};
			name = Release;
		};
		CEE4225214536669005E216E /* Debug */ = {
			isa = XCBuildConfiguration;
			buildSettings = {
				PRODUCT_NAME = "$(TARGET_NAME)";
			};
			name = Debug;
		};
		CEE4225314536669005E216E /* Release */ = {
			isa = XCBuildConfiguration;
			buildSettings = {
				PRODUCT_NAME = "$(TARGET_NAME)";
			};
			name = Release;
		};
/* End XCBuildConfiguration section */

/* Begin XCConfigurationList section */
		CEE4224114536669005E216E /* Build configuration list for PBXProject "TinyForward" */ = {
			isa = XCConfigurationList;
			buildConfigurations = (
				CEE4224F14536669005E216E /* Debug */,
				CEE4225014536669005E216E /* Release */,
			);
			defaultConfigurationIsVisible = 0;
			defaultConfigurationName = Release;
		};
		CEE4225114536669005E216E /* Build configuration list for PBXNativeTarget "TinyForward" */ = {
			isa = XCConfigurationList;
			buildConfigurations = (
				CEE4225214536669005E216E /* Debug */,
				CEE4225314536669005E216E /* Release */,
			);
			defaultConfigurationIsVisible = 0;
		};
/* End XCConfigurationList section */
	};
	rootObject = CEE4223E14536669005E216E /* Project object */;
}
